
Microsoft Visual Studio Solution File, Format Version 12.00
# Visual Studio Version 17
VisualStudioVersion = 17.11.35312.102
MinimumVisualStudioVersion = 10.0.40219.1
Project("{9A19103F-16F7-4668-BE54-9A1E7A4F7556}") = "BlazorServerWepapp", "BlazorServerWepapp.csproj", "{BBA09DAB-1C00-4289-8E6B-E727FBABF7C0}"
EndProject
Global
	GlobalSection(SolutionConfigurationPlatforms) = preSolution
		Debug|Any CPU = Debug|Any CPU
		Release|Any CPU = Release|Any CPU
	EndGlobalSection
	GlobalSection(ProjectConfigurationPlatforms) = postSolution
		{BBA09DAB-1C00-4289-8E6B-E727FBABF7C0}.Debug|Any CPU.ActiveCfg = Debug|Any CPU
		{BBA09DAB-1C00-4289-8E6B-E727FBABF7C0}.Debug|Any CPU.Build.0 = Debug|Any CPU
		{BBA09DAB-1C00-4289-8E6B-E727FBABF7C0}.Release|Any CPU.ActiveCfg = Release|Any CPU
		{BBA09DAB-1C00-4289-8E6B-E727FBABF7C0}.Release|Any CPU.Build.0 = Release|Any CPU
	EndGlobalSection
	GlobalSection(SolutionProperties) = preSolution
		HideSolutionNode = FALSE
	EndGlobalSection
	GlobalSection(ExtensibilityGlobals) = postSolution
		SolutionGuid = {18EDDB00-FDB2-45B5-A472-BC70D6F76F52}
	EndGlobalSection
EndGlobal
